// !$*UTF8*$!
{
	archiveVersion = 1;
	classes = {
	};
	objectVersion = 56;
	objects = {

/* Begin PBXBuildFile section */
		18CEF9902B57A81400B020EF /* AppDelegate.swift in Sources */ = {isa = PBXBuildFile; fileRef = 18CEF98F2B57A81400B020EF /* AppDelegate.swift */; };
		18CEF9922B57A81400B020EF /* SceneDelegate.swift in Sources */ = {isa = PBXBuildFile; fileRef = 18CEF9912B57A81400B020EF /* SceneDelegate.swift */; };
		18CEF9942B57A81400B020EF /* ViewController.swift in Sources */ = {isa = PBXBuildFile; fileRef = 18CEF9932B57A81400B020EF /* ViewController.swift */; };
		18CEF9972B57A81400B020EF /* Main.storyboard in Resources */ = {isa = PBXBuildFile; fileRef = 18CEF9952B57A81400B020EF /* Main.storyboard */; };
		18CEF9992B57A81500B020EF /* Assets.xcassets in Resources */ = {isa = PBXBuildFile; fileRef = 18CEF9982B57A81500B020EF /* Assets.xcassets */; };
		18CEF99C2B57A81500B020EF /* LaunchScreen.storyboard in Resources */ = {isa = PBXBuildFile; fileRef = 18CEF99A2B57A81500B020EF /* LaunchScreen.storyboard */; };
		B779F9B7B470815FD2D376D0 /* Pods_RxSwiftBasicSample.framework in Frameworks */ = {isa = PBXBuildFile; fileRef = B93CD94654ECA45573171DDB /* Pods_RxSwiftBasicSample.framework */; };
/* End PBXBuildFile section */

/* Begin PBXFileReference section */
		18A2756D2B57D3C500357820 /* MyPlayground.playground */ = {isa = PBXFileReference; lastKnownFileType = file.playground; path = MyPlayground.playground; sourceTree = "<group>"; xcLanguageSpecificationIdentifier = xcode.lang.swift; };
		18CEF98C2B57A81400B020EF /* RxSwiftBasicSample.app */ = {isa = PBXFileReference; explicitFileType = wrapper.application; includeInIndex = 0; path = RxSwiftBasicSample.app; sourceTree = BUILT_PRODUCTS_DIR; };
		18CEF98F2B57A81400B020EF /* AppDelegate.swift */ = {isa = PBXFileReference; lastKnownFileType = sourcecode.swift; path = AppDelegate.swift; sourceTree = "<group>"; };
		18CEF9912B57A81400B020EF /* SceneDelegate.swift */ = {isa = PBXFileReference; lastKnownFileType = sourcecode.swift; path = SceneDelegate.swift; sourceTree = "<group>"; };
		18CEF9932B57A81400B020EF /* ViewController.swift */ = {isa = PBXFileReference; lastKnownFileType = sourcecode.swift; path = ViewController.swift; sourceTree = "<group>"; };
		18CEF9962B57A81400B020EF /* Base */ = {isa = PBXFileReference; lastKnownFileType = file.storyboard; name = Base; path = Base.lproj/Main.storyboard; sourceTree = "<group>"; };
		18CEF9982B57A81500B020EF /* Assets.xcassets */ = {isa = PBXFileReference; lastKnownFileType = folder.assetcatalog; path = Assets.xcassets; sourceTree = "<group>"; };
		18CEF99B2B57A81500B020EF /* Base */ = {isa = PBXFileReference; lastKnownFileType = file.storyboard; name = Base; path = Base.lproj/LaunchScreen.storyboard; sourceTree = "<group>"; };
		18CEF99D2B57A81500B020EF /* Info.plist */ = {isa = PBXFileReference; lastKnownFileType = text.plist.xml; path = Info.plist; sourceTree = "<group>"; };
		B1539CB41CD019FE2D6BC08B /* Pods-RxSwiftBasicSample.debug.xcconfig */ = {isa = PBXFileReference; includeInIndex = 1; lastKnownFileType = text.xcconfig; name = "Pods-RxSwiftBasicSample.debug.xcconfig"; path = "Target Support Files/Pods-RxSwiftBasicSample/Pods-RxSwiftBasicSample.debug.xcconfig"; sourceTree = "<group>"; };
		B93CD94654ECA45573171DDB /* Pods_RxSwiftBasicSample.framework */ = {isa = PBXFileReference; explicitFileType = wrapper.framework; includeInIndex = 0; path = Pods_RxSwiftBasicSample.framework; sourceTree = BUILT_PRODUCTS_DIR; };
		D016ACD00A27C46D966E2C04 /* Pods-RxSwiftBasicSample.release.xcconfig */ = {isa = PBXFileReference; includeInIndex = 1; lastKnownFileType = text.xcconfig; name = "Pods-RxSwiftBasicSample.release.xcconfig"; path = "Target Support Files/Pods-RxSwiftBasicSample/Pods-RxSwiftBasicSample.release.xcconfig"; sourceTree = "<group>"; };
/* End PBXFileReference section */

/* Begin PBXFrameworksBuildPhase section */
		18CEF9892B57A81400B020EF /* Frameworks */ = {
			isa = PBXFrameworksBuildPhase;
			buildActionMask = 2147483647;
			files = (
				B779F9B7B470815FD2D376D0 /* Pods_RxSwiftBasicSample.framework in Frameworks */,
			);
			runOnlyForDeploymentPostprocessing = 0;
		};
/* End PBXFrameworksBuildPhase section */

/* Begin PBXGroup section */
		18CEF9832B57A81400B020EF = {
			isa = PBXGroup;
			children = (
				18A2756D2B57D3C500357820 /* MyPlayground.playground */,
				18CEF98E2B57A81400B020EF /* RxSwiftBasicSample */,
				18CEF98D2B57A81400B020EF /* Products */,
				5D2B828A8E0EC2E5CAAEEC1D /* Pods */,
				7EF88529BC11A6B42AE6CBA8 /* Frameworks */,
			);
			sourceTree = "<group>";
		};
		18CEF98D2B57A81400B020EF /* Products */ = {
			isa = PBXGroup;
			children = (
				18CEF98C2B57A81400B020EF /* RxSwiftBasicSample.app */,
			);
			name = Products;
			sourceTree = "<group>";
		};
		18CEF98E2B57A81400B020EF /* RxSwiftBasicSample */ = {
			isa = PBXGroup;
			children = (
				18CEF98F2B57A81400B020EF /* AppDelegate.swift */,
				18CEF9912B57A81400B020EF /* SceneDelegate.swift */,
				18CEF9932B57A81400B020EF /* ViewController.swift */,
				18CEF9952B57A81400B020EF /* Main.storyboard */,
				18CEF9982B57A81500B020EF /* Assets.xcassets */,
				18CEF99A2B57A81500B020EF /* LaunchScreen.storyboard */,
				18CEF99D2B57A81500B020EF /* Info.plist */,
			);
			path = RxSwiftBasicSample;
			sourceTree = "<group>";
		};
		5D2B828A8E0EC2E5CAAEEC1D /* Pods */ = {
			isa = PBXGroup;
			children = (
				B1539CB41CD019FE2D6BC08B /* Pods-RxSwiftBasicSample.debug.xcconfig */,
				D016ACD00A27C46D966E2C04 /* Pods-RxSwiftBasicSample.release.xcconfig */,
			);
			path = Pods;
			sourceTree = "<group>";
		};
		7EF88529BC11A6B42AE6CBA8 /* Frameworks */ = {
			isa = PBXGroup;
			children = (
				B93CD94654ECA45573171DDB /* Pods_RxSwiftBasicSample.framework */,
			);
			name = Frameworks;
			sourceTree = "<group>";
		};
/* End PBXGroup section */

/* Begin PBXNativeTarget section */
		18CEF98B2B57A81400B020EF /* RxSwiftBasicSample */ = {
			isa = PBXNativeTarget;
			buildConfigurationList = 18CEF9A02B57A81500B020EF /* Build configuration list for PBXNativeTarget "RxSwiftBasicSample" */;
			buildPhases = (
				3F4ED7C424C60E4431C1DEDD /* [CP] Check Pods Manifest.lock */,
				18CEF9882B57A81400B020EF /* Sources */,
				18CEF9892B57A81400B020EF /* Frameworks */,
				18CEF98A2B57A81400B020EF /* Resources */,
				694B8643B423FB6C3E45AA92 /* [CP] Embed Pods Frameworks */,
			);
			buildRules = (
			);
			dependencies = (
			);
			name = RxSwiftBasicSample;
			productName = RxSwiftBasicSample;
			productReference = 18CEF98C2B57A81400B020EF /* RxSwiftBasicSample.app */;
			productType = "com.apple.product-type.application";
		};
/* End PBXNativeTarget section */

/* Begin PBXProject section */
		18CEF9842B57A81400B020EF /* Project object */ = {
			isa = PBXProject;
			attributes = {
				BuildIndependentTargetsInParallel = 1;
				LastSwiftUpdateCheck = 1510;
				LastUpgradeCheck = 1510;
				TargetAttributes = {
					18CEF98B2B57A81400B020EF = {
						CreatedOnToolsVersion = 15.1;
					};
				};
			};
			buildConfigurationList = 18CEF9872B57A81400B020EF /* Build configuration list for PBXProject "RxSwiftBasicSample" */;
			compatibilityVersion = "Xcode 14.0";
			developmentRegion = en;
			hasScannedForEncodings = 0;
			knownRegions = (
				en,
				Base,
			);
			mainGroup = 18CEF9832B57A81400B020EF;
			productRefGroup = 18CEF98D2B57A81400B020EF /* Products */;
			projectDirPath = "";
			projectRoot = "";
			targets = (
				18CEF98B2B57A81400B020EF /* RxSwiftBasicSample */,
			);
		};
/* End PBXProject section */

/* Begin PBXResourcesBuildPhase section */
		18CEF98A2B57A81400B020EF /* Resources */ = {
			isa = PBXResourcesBuildPhase;
			buildActionMask = 2147483647;
			files = (
				18CEF99C2B57A81500B020EF /* LaunchScreen.storyboard in Resources */,
				18CEF9992B57A81500B020EF /* Assets.xcassets in Resources */,
				18CEF9972B57A81400B020EF /* Main.storyboard in Resources */,
			);
			runOnlyForDeploymentPostprocessing = 0;
		};
/* End PBXResourcesBuildPhase section */

/* Begin PBXShellScriptBuildPhase section */
		3F4ED7C424C60E4431C1DEDD /* [CP] Check Pods Manifest.lock */ = {
			isa = PBXShellScriptBuildPhase;
			buildActionMask = 2147483647;
			files = (
			);
			inputFileListPaths = (
			);
			inputPaths = (
				"${PODS_PODFILE_DIR_PATH}/Podfile.lock",
				"${PODS_ROOT}/Manifest.lock",
			);
			name = "[CP] Check Pods Manifest.lock";
			outputFileListPaths = (
			);
			outputPaths = (
				"$(DERIVED_FILE_DIR)/Pods-RxSwiftBasicSample-checkManifestLockResult.txt",
			);
			runOnlyForDeploymentPostprocessing = 0;
			shellPath = /bin/sh;
			shellScript = "diff \"${PODS_PODFILE_DIR_PATH}/Podfile.lock\" \"${PODS_ROOT}/Manifest.lock\" > /dev/null\nif [ $? != 0 ] ; then\n    # print error to STDERR\n    echo \"error: The sandbox is not in sync with the Podfile.lock. Run 'pod install' or update your CocoaPods installation.\" >&2\n    exit 1\nfi\n# This output is used by Xcode 'outputs' to avoid re-running this script phase.\necho \"SUCCESS\" > \"${SCRIPT_OUTPUT_FILE_0}\"\n";
			showEnvVarsInLog = 0;
		};
		694B8643B423FB6C3E45AA92 /* [CP] Embed Pods Frameworks */ = {
			isa = PBXShellScriptBuildPhase;
			buildActionMask = 2147483647;
			files = (
			);
			inputFileListPaths = (
				"${PODS_ROOT}/Target Support Files/Pods-RxSwiftBasicSample/Pods-RxSwiftBasicSample-frameworks-${CONFIGURATION}-input-files.xcfilelist",
			);
			name = "[CP] Embed Pods Frameworks";
			outputFileListPaths = (
				"${PODS_ROOT}/Target Support Files/Pods-RxSwiftBasicSample/Pods-RxSwiftBasicSample-frameworks-${CONFIGURATION}-output-files.xcfilelist",
			);
			runOnlyForDeploymentPostprocessing = 0;
			shellPath = /bin/sh;
			shellScript = "\"${PODS_ROOT}/Target Support Files/Pods-RxSwiftBasicSample/Pods-RxSwiftBasicSample-frameworks.sh\"\n";
			showEnvVarsInLog = 0;
		};
/* End PBXShellScriptBuildPhase section */

/* Begin PBXSourcesBuildPhase section */
		18CEF9882B57A81400B020EF /* Sources */ = {
			isa = PBXSourcesBuildPhase;
			buildActionMask = 2147483647;
			files = (
				18CEF9942B57A81400B020EF /* ViewController.swift in Sources */,
				18CEF9902B57A81400B020EF /* AppDelegate.swift in Sources */,
				18CEF9922B57A81400B020EF /* SceneDelegate.swift in Sources */,
			);
			runOnlyForDeploymentPostprocessing = 0;
		};
/* End PBXSourcesBuildPhase section */

/* Begin PBXVariantGroup section */
		18CEF9952B57A81400B020EF /* Main.storyboard */ = {
			isa = PBXVariantGroup;
			children = (
				18CEF9962B57A81400B020EF /* Base */,
			);
			name = Main.storyboard;
			sourceTree = "<group>";
		};
		18CEF99A2B57A81500B020EF /* LaunchScreen.storyboard */ = {
			isa = PBXVariantGroup;
			children = (
				18CEF99B2B57A81500B020EF /* Base */,
			);
			name = LaunchScreen.storyboard;
			sourceTree = "<group>";
		};
/* End PBXVariantGroup section */

/* Begin XCBuildConfiguration section */
		18CEF99E2B57A81500B020EF /* Debug */ = {
			isa = XCBuildConfiguration;
			buildSettings = {
				ALWAYS_SEARCH_USER_PATHS = NO;
				ASSETCATALOG_COMPILER_GENERATE_SWIFT_ASSET_SYMBOL_EXTENSIONS = YES;
				CLANG_ANALYZER_NONNULL = YES;
				CLANG_ANALYZER_NUMBER_OBJECT_CONVERSION = YES_AGGRESSIVE;
				CLANG_CXX_LANGUAGE_STANDARD = "gnu++20";
				CLANG_ENABLE_MODULES = YES;
				CLANG_ENABLE_OBJC_ARC = YES;
				CLANG_ENABLE_OBJC_WEAK = YES;
				CLANG_WARN_BLOCK_CAPTURE_AUTORELEASING = YES;
				CLANG_WARN_BOOL_CONVERSION = YES;
				CLANG_WARN_COMMA = YES;
				CLANG_WARN_CONSTANT_CONVERSION = YES;
				CLANG_WARN_DEPRECATED_OBJC_IMPLEMENTATIONS = YES;
				CLANG_WARN_DIRECT_OBJC_ISA_USAGE = YES_ERROR;
				CLANG_WARN_DOCUMENTATION_COMMENTS = YES;
				CLANG_WARN_EMPTY_BODY = YES;
				CLANG_WARN_ENUM_CONVERSION = YES;
				CLANG_WARN_INFINITE_RECURSION = YES;
				CLANG_WARN_INT_CONVERSION = YES;
				CLANG_WARN_NON_LITERAL_NULL_CONVERSION = YES;
				CLANG_WARN_OBJC_IMPLICIT_RETAIN_SELF = YES;
				CLANG_WARN_OBJC_LITERAL_CONVERSION = YES;
				CLANG_WARN_OBJC_ROOT_CLASS = YES_ERROR;
				CLANG_WARN_QUOTED_INCLUDE_IN_FRAMEWORK_HEADER = YES;
				CLANG_WARN_RANGE_LOOP_ANALYSIS = YES;
				CLANG_WARN_STRICT_PROTOTYPES = YES;
				CLANG_WARN_SUSPICIOUS_MOVE = YES;
				CLANG_WARN_UNGUARDED_AVAILABILITY = YES_AGGRESSIVE;
				CLANG_WARN_UNREACHABLE_CODE = YES;
				CLANG_WARN__DUPLICATE_METHOD_MATCH = YES;
				COPY_PHASE_STRIP = NO;
				DEBUG_INFORMATION_FORMAT = dwarf;
				ENABLE_STRICT_OBJC_MSGSEND = YES;
				ENABLE_TESTABILITY = YES;
				ENABLE_USER_SCRIPT_SANDBOXING = NO;
				GCC_C_LANGUAGE_STANDARD = gnu17;
				GCC_DYNAMIC_NO_PIC = NO;
				GCC_NO_COMMON_BLOCKS = YES;
				GCC_OPTIMIZATION_LEVEL = 0;
				GCC_PREPROCESSOR_DEFINITIONS = (
					"DEBUG=1",
					"$(inherited)",
				);
				GCC_WARN_64_TO_32_BIT_CONVERSION = YES;
				GCC_WARN_ABOUT_RETURN_TYPE = YES_ERROR;
				GCC_WARN_UNDECLARED_SELECTOR = YES;
				GCC_WARN_UNINITIALIZED_AUTOS = YES_AGGRESSIVE;
				GCC_WARN_UNUSED_FUNCTION = YES;
				GCC_WARN_UNUSED_VARIABLE = YES;
				IPHONEOS_DEPLOYMENT_TARGET = 17.2;
				LOCALIZATION_PREFERS_STRING_CATALOGS = YES;
				MTL_ENABLE_DEBUG_INFO = INCLUDE_SOURCE;
				MTL_FAST_MATH = YES;
				ONLY_ACTIVE_ARCH = YES;
				SDKROOT = iphoneos;
				SWIFT_ACTIVE_COMPILATION_CONDITIONS = "DEBUG $(inherited)";
				SWIFT_OPTIMIZATION_LEVEL = "-Onone";
			};
			name = Debug;
		};
		18CEF99F2B57A81500B020EF /* Release */ = {
			isa = XCBuildConfiguration;
			buildSettings = {
				ALWAYS_SEARCH_USER_PATHS = NO;
				ASSETCATALOG_COMPILER_GENERATE_SWIFT_ASSET_SYMBOL_EXTENSIONS = YES;
				CLANG_ANALYZER_NONNULL = YES;
				CLANG_ANALYZER_NUMBER_OBJECT_CONVERSION = YES_AGGRESSIVE;
				CLANG_CXX_LANGUAGE_STANDARD = "gnu++20";
				CLANG_ENABLE_MODULES = YES;
				CLANG_ENABLE_OBJC_ARC = YES;
				CLANG_ENABLE_OBJC_WEAK = YES;
				CLANG_WARN_BLOCK_CAPTURE_AUTORELEASING = YES;
				CLANG_WARN_BOOL_CONVERSION = YES;
				CLANG_WARN_COMMA = YES;
				CLANG_WARN_CONSTANT_CONVERSION = YES;
				CLANG_WARN_DEPRECATED_OBJC_IMPLEMENTATIONS = YES;
				CLANG_WARN_DIRECT_OBJC_ISA_USAGE = YES_ERROR;
				CLANG_WARN_DOCUMENTATION_COMMENTS = YES;
				CLANG_WARN_EMPTY_BODY = YES;
				CLANG_WARN_ENUM_CONVERSION = YES;
				CLANG_WARN_INFINITE_RECURSION = YES;
				CLANG_WARN_INT_CONVERSION = YES;
				CLANG_WARN_NON_LITERAL_NULL_CONVERSION = YES;
				CLANG_WARN_OBJC_IMPLICIT_RETAIN_SELF = YES;
				CLANG_WARN_OBJC_LITERAL_CONVERSION = YES;
				CLANG_WARN_OBJC_ROOT_CLASS = YES_ERROR;
				CLANG_WARN_QUOTED_INCLUDE_IN_FRAMEWORK_HEADER = YES;
				CLANG_WARN_RANGE_LOOP_ANALYSIS = YES;
				CLANG_WARN_STRICT_PROTOTYPES = YES;
				CLANG_WARN_SUSPICIOUS_MOVE = YES;
				CLANG_WARN_UNGUARDED_AVAILABILITY = YES_AGGRESSIVE;
				CLANG_WARN_UNREACHABLE_CODE = YES;
				CLANG_WARN__DUPLICATE_METHOD_MATCH = YES;
				COPY_PHASE_STRIP = NO;
				DEBUG_INFORMATION_FORMAT = "dwarf-with-dsym";
				ENABLE_NS_ASSERTIONS = NO;
				ENABLE_STRICT_OBJC_MSGSEND = YES;
				ENABLE_USER_SCRIPT_SANDBOXING = NO;
				GCC_C_LANGUAGE_STANDARD = gnu17;
				GCC_NO_COMMON_BLOCKS = YES;
				GCC_WARN_64_TO_32_BIT_CONVERSION = YES;
				GCC_WARN_ABOUT_RETURN_TYPE = YES_ERROR;
				GCC_WARN_UNDECLARED_SELECTOR = YES;
				GCC_WARN_UNINITIALIZED_AUTOS = YES_AGGRESSIVE;
				GCC_WARN_UNUSED_FUNCTION = YES;
				GCC_WARN_UNUSED_VARIABLE = YES;
				IPHONEOS_DEPLOYMENT_TARGET = 17.2;
				LOCALIZATION_PREFERS_STRING_CATALOGS = YES;
				MTL_ENABLE_DEBUG_INFO = NO;
				MTL_FAST_MATH = YES;
				SDKROOT = iphoneos;
				SWIFT_COMPILATION_MODE = wholemodule;
				VALIDATE_PRODUCT = YES;
			};
			name = Release;
		};
		18CEF9A12B57A81500B020EF /* Debug */ = {
			isa = XCBuildConfiguration;
			baseConfigurationReference = B1539CB41CD019FE2D6BC08B /* Pods-RxSwiftBasicSample.debug.xcconfig */;
			buildSettings = {
				ASSETCATALOG_COMPILER_APPICON_NAME = AppIcon;
				ASSETCATALOG_COMPILER_GLOBAL_ACCENT_COLOR_NAME = AccentColor;
				CODE_SIGN_STYLE = Automatic;
				CURRENT_PROJECT_VERSION = 1;
				GENERATE_INFOPLIST_FILE = YES;
				INFOPLIST_FILE = RxSwiftBasicSample/Info.plist;
				INFOPLIST_KEY_UIApplicationSupportsIndirectInputEvents = YES;
				INFOPLIST_KEY_UILaunchStoryboardName = LaunchScreen;
				INFOPLIST_KEY_UIMainStoryboardFile = Main;
				INFOPLIST_KEY_UISupportedInterfaceOrientations_iPad = "UIInterfaceOrientationPortrait UIInterfaceOrientationPortraitUpsideDown UIInterfaceOrientationLandscapeLeft UIInterfaceOrientationLandscapeRight";
				INFOPLIST_KEY_UISupportedInterfaceOrientations_iPhone = "UIInterfaceOrientationPortrait UIInterfaceOrientationLandscapeLeft UIInterfaceOrientationLandscapeRight";
				LD_RUNPATH_SEARCH_PATHS = (
					"$(inherited)",
					"@executable_path/Frameworks",
				);
				MARKETING_VERSION = 1.0;
				PRODUCT_BUNDLE_IDENTIFIER = com.ios.RxSwiftBasicSample;
				PRODUCT_NAME = "$(TARGET_NAME)";
				SWIFT_EMIT_LOC_STRINGS = YES;
				SWIFT_VERSION = 5.0;
				TARGETED_DEVICE_FAMILY = "1,2";
			};
			name = Debug;
		};
		18CEF9A22B57A81500B020EF /* Release */ = {
			isa = XCBuildConfiguration;
			baseConfigurationReference = D016ACD00A27C46D966E2C04 /* Pods-RxSwiftBasicSample.release.xcconfig */;
			buildSettings = {
				ASSETCATALOG_COMPILER_APPICON_NAME = AppIcon;
				ASSETCATALOG_COMPILER_GLOBAL_ACCENT_COLOR_NAME = AccentColor;
				CODE_SIGN_STYLE = Automatic;
				CURRENT_PROJECT_VERSION = 1;
				GENERATE_INFOPLIST_FILE = YES;
				INFOPLIST_FILE = RxSwiftBasicSample/Info.plist;
				INFOPLIST_KEY_UIApplicationSupportsIndirectInputEvents = YES;
				INFOPLIST_KEY_UILaunchStoryboardName = LaunchScreen;
				INFOPLIST_KEY_UIMainStoryboardFile = Main;
				INFOPLIST_KEY_UISupportedInterfaceOrientations_iPad = "UIInterfaceOrientationPortrait UIInterfaceOrientationPortraitUpsideDown UIInterfaceOrientationLandscapeLeft UIInterfaceOrientationLandscapeRight";
				INFOPLIST_KEY_UISupportedInterfaceOrientations_iPhone = "UIInterfaceOrientationPortrait UIInterfaceOrientationLandscapeLeft UIInterfaceOrientationLandscapeRight";
				LD_RUNPATH_SEARCH_PATHS = (
					"$(inherited)",
					"@executable_path/Frameworks",
				);
				MARKETING_VERSION = 1.0;
				PRODUCT_BUNDLE_IDENTIFIER = com.ios.RxSwiftBasicSample;
				PRODUCT_NAME = "$(TARGET_NAME)";
				SWIFT_EMIT_LOC_STRINGS = YES;
				SWIFT_VERSION = 5.0;
				TARGETED_DEVICE_FAMILY = "1,2";
			};
			name = Release;
		};
/* End XCBuildConfiguration section */

/* Begin XCConfigurationList section */
		18CEF9872B57A81400B020EF /* Build configuration list for PBXProject "RxSwiftBasicSample" */ = {
			isa = XCConfigurationList;
			buildConfigurations = (
				18CEF99E2B57A81500B020EF /* Debug */,
				18CEF99F2B57A81500B020EF /* Release */,
			);
			defaultConfigurationIsVisible = 0;
			defaultConfigurationName = Release;
		};
		18CEF9A02B57A81500B020EF /* Build configuration list for PBXNativeTarget "RxSwiftBasicSample" */ = {
			isa = XCConfigurationList;
			buildConfigurations = (
				18CEF9A12B57A81500B020EF /* Debug */,
				18CEF9A22B57A81500B020EF /* Release */,
			);
			defaultConfigurationIsVisible = 0;
			defaultConfigurationName = Release;
		};
/* End XCConfigurationList section */
	};
	rootObject = 18CEF9842B57A81400B020EF /* Project object */;
}
